
Microsoft Visual Studio Solution File, Format Version 12.00
Project("{FAE04EC0-301F-11D3-BF4B-00C04F79EFBC}") = "Wist", "Wist\Wist.csproj", "{39363F2C-F001-41F8-86DF-6EA65553D88B}"
EndProject
Global
	GlobalSection(SolutionConfigurationPlatforms) = preSolution
		Debug|Any CPU = Debug|Any CPU
		Release|Any CPU = Release|Any CPU
	EndGlobalSection
	GlobalSection(ProjectConfigurationPlatforms) = postSolution
		{39363F2C-F001-41F8-86DF-6EA65553D88B}.Debug|Any CPU.ActiveCfg = Debug|Any CPU
		{39363F2C-F001-41F8-86DF-6EA65553D88B}.Debug|Any CPU.Build.0 = Debug|Any CPU
		{39363F2C-F001-41F8-86DF-6EA65553D88B}.Release|Any CPU.ActiveCfg = Release|Any CPU
		{39363F2C-F001-41F8-86DF-6EA65553D88B}.Release|Any CPU.Build.0 = Release|Any CPU
	EndGlobalSection
EndGlobal
